// !$*UTF8*$!
{
	archiveVersion = 1;
	classes = {
	};
	objectVersion = 56;
	objects = {

/* Begin PBXBuildFile section */
		23E4F1302A96FC62009C1BA5 /* AppDelegate.m in Sources */ = {isa = PBXBuildFile; fileRef = 23E4F12F2A96FC62009C1BA5 /* AppDelegate.m */; };
		23E4F1332A96FC62009C1BA5 /* SceneDelegate.m in Sources */ = {isa = PBXBuildFile; fileRef = 23E4F1322A96FC62009C1BA5 /* SceneDelegate.m */; };
		23E4F1362A96FC62009C1BA5 /* ViewController.m in Sources */ = {isa = PBXBuildFile; fileRef = 23E4F1352A96FC62009C1BA5 /* ViewController.m */; };
		23E4F1392A96FC62009C1BA5 /* Main.storyboard in Resources */ = {isa = PBXBuildFile; fileRef = 23E4F1372A96FC62009C1BA5 /* Main.storyboard */; };
		23E4F13B2A96FC63009C1BA5 /* Assets.xcassets in Resources */ = {isa = PBXBuildFile; fileRef = 23E4F13A2A96FC63009C1BA5 /* Assets.xcassets */; };
		23E4F13E2A96FC63009C1BA5 /* LaunchScreen.storyboard in Resources */ = {isa = PBXBuildFile; fileRef = 23E4F13C2A96FC63009C1BA5 /* LaunchScreen.storyboard */; };
		23E4F1412A96FC63009C1BA5 /* main.m in Sources */ = {isa = PBXBuildFile; fileRef = 23E4F1402A96FC63009C1BA5 /* main.m */; };
		23E4F14B2A96FC63009C1BA5 /* OKOCDemoTests.m in Sources */ = {isa = PBXBuildFile; fileRef = 23E4F14A2A96FC63009C1BA5 /* OKOCDemoTests.m */; };
		23E4F1552A96FC63009C1BA5 /* OKOCDemoUITests.m in Sources */ = {isa = PBXBuildFile; fileRef = 23E4F1542A96FC63009C1BA5 /* OKOCDemoUITests.m */; };
		23E4F1572A96FC63009C1BA5 /* OKOCDemoUITestsLaunchTests.m in Sources */ = {isa = PBXBuildFile; fileRef = 23E4F1562A96FC63009C1BA5 /* OKOCDemoUITestsLaunchTests.m */; };
		2D627CA33DE9CD39AEDEA80B /* Pods_OKOCDemo_OKOCDemoUITests.framework in Frameworks */ = {isa = PBXBuildFile; fileRef = E51D2D4B7623EA310AD8C453 /* Pods_OKOCDemo_OKOCDemoUITests.framework */; };
		5C7BE1ADCD67051CC271F56C /* Pods_OKOCDemo.framework in Frameworks */ = {isa = PBXBuildFile; fileRef = C543FD2ED613CB48338AB033 /* Pods_OKOCDemo.framework */; };
		AD97A8664937A52D8369981C /* Pods_OKOCDemoTests.framework in Frameworks */ = {isa = PBXBuildFile; fileRef = 400D96ED15DE0131362177EA /* Pods_OKOCDemoTests.framework */; };
/* End PBXBuildFile section */

/* Begin PBXContainerItemProxy section */
		23E4F1472A96FC63009C1BA5 /* PBXContainerItemProxy */ = {
			isa = PBXContainerItemProxy;
			containerPortal = 23E4F1232A96FC62009C1BA5 /* Project object */;
			proxyType = 1;
			remoteGlobalIDString = 23E4F12A2A96FC62009C1BA5;
			remoteInfo = OKOCDemo;
		};
		23E4F1512A96FC63009C1BA5 /* PBXContainerItemProxy */ = {
			isa = PBXContainerItemProxy;
			containerPortal = 23E4F1232A96FC62009C1BA5 /* Project object */;
			proxyType = 1;
			remoteGlobalIDString = 23E4F12A2A96FC62009C1BA5;
			remoteInfo = OKOCDemo;
		};
/* End PBXContainerItemProxy section */

/* Begin PBXFileReference section */
		196DC4D5A763C3D953C363D4 /* Pods-OKOCDemo.release.xcconfig */ = {isa = PBXFileReference; includeInIndex = 1; lastKnownFileType = text.xcconfig; name = "Pods-OKOCDemo.release.xcconfig"; path = "Target Support Files/Pods-OKOCDemo/Pods-OKOCDemo.release.xcconfig"; sourceTree = "<group>"; };
		1C7C1F1213DC16DDA921F578 /* Pods-OKOCDemo-OKOCDemoUITests.release.xcconfig */ = {isa = PBXFileReference; includeInIndex = 1; lastKnownFileType = text.xcconfig; name = "Pods-OKOCDemo-OKOCDemoUITests.release.xcconfig"; path = "Target Support Files/Pods-OKOCDemo-OKOCDemoUITests/Pods-OKOCDemo-OKOCDemoUITests.release.xcconfig"; sourceTree = "<group>"; };
		23E4F12B2A96FC62009C1BA5 /* OKOCDemo.app */ = {isa = PBXFileReference; explicitFileType = wrapper.application; includeInIndex = 0; path = OKOCDemo.app; sourceTree = BUILT_PRODUCTS_DIR; };
		23E4F12E2A96FC62009C1BA5 /* AppDelegate.h */ = {isa = PBXFileReference; lastKnownFileType = sourcecode.c.h; path = AppDelegate.h; sourceTree = "<group>"; };
		23E4F12F2A96FC62009C1BA5 /* AppDelegate.m */ = {isa = PBXFileReference; lastKnownFileType = sourcecode.c.objc; path = AppDelegate.m; sourceTree = "<group>"; };
		23E4F1312A96FC62009C1BA5 /* SceneDelegate.h */ = {isa = PBXFileReference; lastKnownFileType = sourcecode.c.h; path = SceneDelegate.h; sourceTree = "<group>"; };
		23E4F1322A96FC62009C1BA5 /* SceneDelegate.m */ = {isa = PBXFileReference; lastKnownFileType = sourcecode.c.objc; path = SceneDelegate.m; sourceTree = "<group>"; };
		23E4F1342A96FC62009C1BA5 /* ViewController.h */ = {isa = PBXFileReference; lastKnownFileType = sourcecode.c.h; path = ViewController.h; sourceTree = "<group>"; };
		23E4F1352A96FC62009C1BA5 /* ViewController.m */ = {isa = PBXFileReference; lastKnownFileType = sourcecode.c.objc; path = ViewController.m; sourceTree = "<group>"; };
		23E4F1382A96FC62009C1BA5 /* Base */ = {isa = PBXFileReference; lastKnownFileType = file.storyboard; name = Base; path = Base.lproj/Main.storyboard; sourceTree = "<group>"; };
		23E4F13A2A96FC63009C1BA5 /* Assets.xcassets */ = {isa = PBXFileReference; lastKnownFileType = folder.assetcatalog; path = Assets.xcassets; sourceTree = "<group>"; };
		23E4F13D2A96FC63009C1BA5 /* Base */ = {isa = PBXFileReference; lastKnownFileType = file.storyboard; name = Base; path = Base.lproj/LaunchScreen.storyboard; sourceTree = "<group>"; };
		23E4F13F2A96FC63009C1BA5 /* Info.plist */ = {isa = PBXFileReference; lastKnownFileType = text.plist.xml; path = Info.plist; sourceTree = "<group>"; };
		23E4F1402A96FC63009C1BA5 /* main.m */ = {isa = PBXFileReference; lastKnownFileType = sourcecode.c.objc; path = main.m; sourceTree = "<group>"; };
		23E4F1462A96FC63009C1BA5 /* OKOCDemoTests.xctest */ = {isa = PBXFileReference; explicitFileType = wrapper.cfbundle; includeInIndex = 0; path = OKOCDemoTests.xctest; sourceTree = BUILT_PRODUCTS_DIR; };
		23E4F14A2A96FC63009C1BA5 /* OKOCDemoTests.m */ = {isa = PBXFileReference; lastKnownFileType = sourcecode.c.objc; path = OKOCDemoTests.m; sourceTree = "<group>"; };
		23E4F1502A96FC63009C1BA5 /* OKOCDemoUITests.xctest */ = {isa = PBXFileReference; explicitFileType = wrapper.cfbundle; includeInIndex = 0; path = OKOCDemoUITests.xctest; sourceTree = BUILT_PRODUCTS_DIR; };
		23E4F1542A96FC63009C1BA5 /* OKOCDemoUITests.m */ = {isa = PBXFileReference; lastKnownFileType = sourcecode.c.objc; path = OKOCDemoUITests.m; sourceTree = "<group>"; };
		23E4F1562A96FC63009C1BA5 /* OKOCDemoUITestsLaunchTests.m */ = {isa = PBXFileReference; lastKnownFileType = sourcecode.c.objc; path = OKOCDemoUITestsLaunchTests.m; sourceTree = "<group>"; };
		2A66D1C67720C2690078C61A /* Pods-OKOCDemoTests.debug.xcconfig */ = {isa = PBXFileReference; includeInIndex = 1; lastKnownFileType = text.xcconfig; name = "Pods-OKOCDemoTests.debug.xcconfig"; path = "Target Support Files/Pods-OKOCDemoTests/Pods-OKOCDemoTests.debug.xcconfig"; sourceTree = "<group>"; };
		3A95CAFD8239F80ABEE27AE0 /* Pods-OKOCDemoTests.release.xcconfig */ = {isa = PBXFileReference; includeInIndex = 1; lastKnownFileType = text.xcconfig; name = "Pods-OKOCDemoTests.release.xcconfig"; path = "Target Support Files/Pods-OKOCDemoTests/Pods-OKOCDemoTests.release.xcconfig"; sourceTree = "<group>"; };
		400D96ED15DE0131362177EA /* Pods_OKOCDemoTests.framework */ = {isa = PBXFileReference; explicitFileType = wrapper.framework; includeInIndex = 0; path = Pods_OKOCDemoTests.framework; sourceTree = BUILT_PRODUCTS_DIR; };
		BB4BCFCCD079203ECEE97613 /* Pods-OKOCDemo.debug.xcconfig */ = {isa = PBXFileReference; includeInIndex = 1; lastKnownFileType = text.xcconfig; name = "Pods-OKOCDemo.debug.xcconfig"; path = "Target Support Files/Pods-OKOCDemo/Pods-OKOCDemo.debug.xcconfig"; sourceTree = "<group>"; };
		C543FD2ED613CB48338AB033 /* Pods_OKOCDemo.framework */ = {isa = PBXFileReference; explicitFileType = wrapper.framework; includeInIndex = 0; path = Pods_OKOCDemo.framework; sourceTree = BUILT_PRODUCTS_DIR; };
		E51D2D4B7623EA310AD8C453 /* Pods_OKOCDemo_OKOCDemoUITests.framework */ = {isa = PBXFileReference; explicitFileType = wrapper.framework; includeInIndex = 0; path = Pods_OKOCDemo_OKOCDemoUITests.framework; sourceTree = BUILT_PRODUCTS_DIR; };
		FB950C26773315B64069D9E8 /* Pods-OKOCDemo-OKOCDemoUITests.debug.xcconfig */ = {isa = PBXFileReference; includeInIndex = 1; lastKnownFileType = text.xcconfig; name = "Pods-OKOCDemo-OKOCDemoUITests.debug.xcconfig"; path = "Target Support Files/Pods-OKOCDemo-OKOCDemoUITests/Pods-OKOCDemo-OKOCDemoUITests.debug.xcconfig"; sourceTree = "<group>"; };
/* End PBXFileReference section */

/* Begin PBXFrameworksBuildPhase section */
		23E4F1282A96FC62009C1BA5 /* Frameworks */ = {
			isa = PBXFrameworksBuildPhase;
			buildActionMask = 2147483647;
			files = (
				5C7BE1ADCD67051CC271F56C /* Pods_OKOCDemo.framework in Frameworks */,
			);
			runOnlyForDeploymentPostprocessing = 0;
		};
		23E4F1432A96FC63009C1BA5 /* Frameworks */ = {
			isa = PBXFrameworksBuildPhase;
			buildActionMask = 2147483647;
			files = (
				AD97A8664937A52D8369981C /* Pods_OKOCDemoTests.framework in Frameworks */,
			);
			runOnlyForDeploymentPostprocessing = 0;
		};
		23E4F14D2A96FC63009C1BA5 /* Frameworks */ = {
			isa = PBXFrameworksBuildPhase;
			buildActionMask = 2147483647;
			files = (
				2D627CA33DE9CD39AEDEA80B /* Pods_OKOCDemo_OKOCDemoUITests.framework in Frameworks */,
			);
			runOnlyForDeploymentPostprocessing = 0;
		};
/* End PBXFrameworksBuildPhase section */

/* Begin PBXGroup section */
		23E4F1222A96FC62009C1BA5 = {
			isa = PBXGroup;
			children = (
				23E4F12D2A96FC62009C1BA5 /* OKOCDemo */,
				23E4F1492A96FC63009C1BA5 /* OKOCDemoTests */,
				23E4F1532A96FC63009C1BA5 /* OKOCDemoUITests */,
				23E4F12C2A96FC62009C1BA5 /* Products */,
				76671A925B5A9FCCF0AC67AB /* Pods */,
				ED94691B2888280DC49D7C8F /* Frameworks */,
			);
			sourceTree = "<group>";
		};
		23E4F12C2A96FC62009C1BA5 /* Products */ = {
			isa = PBXGroup;
			children = (
				23E4F12B2A96FC62009C1BA5 /* OKOCDemo.app */,
				23E4F1462A96FC63009C1BA5 /* OKOCDemoTests.xctest */,
				23E4F1502A96FC63009C1BA5 /* OKOCDemoUITests.xctest */,
			);
			name = Products;
			sourceTree = "<group>";
		};
		23E4F12D2A96FC62009C1BA5 /* OKOCDemo */ = {
			isa = PBXGroup;
			children = (
				23E4F12E2A96FC62009C1BA5 /* AppDelegate.h */,
				23E4F12F2A96FC62009C1BA5 /* AppDelegate.m */,
				23E4F1312A96FC62009C1BA5 /* SceneDelegate.h */,
				23E4F1322A96FC62009C1BA5 /* SceneDelegate.m */,
				23E4F1342A96FC62009C1BA5 /* ViewController.h */,
				23E4F1352A96FC62009C1BA5 /* ViewController.m */,
				23E4F1372A96FC62009C1BA5 /* Main.storyboard */,
				23E4F13A2A96FC63009C1BA5 /* Assets.xcassets */,
				23E4F13C2A96FC63009C1BA5 /* LaunchScreen.storyboard */,
				23E4F13F2A96FC63009C1BA5 /* Info.plist */,
				23E4F1402A96FC63009C1BA5 /* main.m */,
			);
			path = OKOCDemo;
			sourceTree = "<group>";
		};
		23E4F1492A96FC63009C1BA5 /* OKOCDemoTests */ = {
			isa = PBXGroup;
			children = (
				23E4F14A2A96FC63009C1BA5 /* OKOCDemoTests.m */,
			);
			path = OKOCDemoTests;
			sourceTree = "<group>";
		};
		23E4F1532A96FC63009C1BA5 /* OKOCDemoUITests */ = {
			isa = PBXGroup;
			children = (
				23E4F1542A96FC63009C1BA5 /* OKOCDemoUITests.m */,
				23E4F1562A96FC63009C1BA5 /* OKOCDemoUITestsLaunchTests.m */,
			);
			path = OKOCDemoUITests;
			sourceTree = "<group>";
		};
		76671A925B5A9FCCF0AC67AB /* Pods */ = {
			isa = PBXGroup;
			children = (
				BB4BCFCCD079203ECEE97613 /* Pods-OKOCDemo.debug.xcconfig */,
				196DC4D5A763C3D953C363D4 /* Pods-OKOCDemo.release.xcconfig */,
				FB950C26773315B64069D9E8 /* Pods-OKOCDemo-OKOCDemoUITests.debug.xcconfig */,
				1C7C1F1213DC16DDA921F578 /* Pods-OKOCDemo-OKOCDemoUITests.release.xcconfig */,
				2A66D1C67720C2690078C61A /* Pods-OKOCDemoTests.debug.xcconfig */,
				3A95CAFD8239F80ABEE27AE0 /* Pods-OKOCDemoTests.release.xcconfig */,
			);
			name = Pods;
			path = Pods;
			sourceTree = "<group>";
		};
		ED94691B2888280DC49D7C8F /* Frameworks */ = {
			isa = PBXGroup;
			children = (
				C543FD2ED613CB48338AB033 /* Pods_OKOCDemo.framework */,
				E51D2D4B7623EA310AD8C453 /* Pods_OKOCDemo_OKOCDemoUITests.framework */,
				400D96ED15DE0131362177EA /* Pods_OKOCDemoTests.framework */,
			);
			name = Frameworks;
			sourceTree = "<group>";
		};
/* End PBXGroup section */

/* Begin PBXNativeTarget section */
		23E4F12A2A96FC62009C1BA5 /* OKOCDemo */ = {
			isa = PBXNativeTarget;
			buildConfigurationList = 23E4F15A2A96FC63009C1BA5 /* Build configuration list for PBXNativeTarget "OKOCDemo" */;
			buildPhases = (
				F885FFB2F4BF34CA07A988A7 /* [CP] Check Pods Manifest.lock */,
				23E4F1272A96FC62009C1BA5 /* Sources */,
				23E4F1282A96FC62009C1BA5 /* Frameworks */,
				23E4F1292A96FC62009C1BA5 /* Resources */,
				48780E975B9E63BB81FCEBC9 /* [CP] Embed Pods Frameworks */,
			);
			buildRules = (
			);
			dependencies = (
			);
			name = OKOCDemo;
			productName = OKOCDemo;
			productReference = 23E4F12B2A96FC62009C1BA5 /* OKOCDemo.app */;
			productType = "com.apple.product-type.application";
		};
		23E4F1452A96FC63009C1BA5 /* OKOCDemoTests */ = {
			isa = PBXNativeTarget;
			buildConfigurationList = 23E4F15D2A96FC63009C1BA5 /* Build configuration list for PBXNativeTarget "OKOCDemoTests" */;
			buildPhases = (
				4C7C217D4511A96B8923976C /* [CP] Check Pods Manifest.lock */,
				23E4F1422A96FC63009C1BA5 /* Sources */,
				23E4F1432A96FC63009C1BA5 /* Frameworks */,
				23E4F1442A96FC63009C1BA5 /* Resources */,
			);
			buildRules = (
			);
			dependencies = (
				23E4F1482A96FC63009C1BA5 /* PBXTargetDependency */,
			);
			name = OKOCDemoTests;
			productName = OKOCDemoTests;
			productReference = 23E4F1462A96FC63009C1BA5 /* OKOCDemoTests.xctest */;
			productType = "com.apple.product-type.bundle.unit-test";
		};
		23E4F14F2A96FC63009C1BA5 /* OKOCDemoUITests */ = {
			isa = PBXNativeTarget;
			buildConfigurationList = 23E4F1602A96FC63009C1BA5 /* Build configuration list for PBXNativeTarget "OKOCDemoUITests" */;
			buildPhases = (
				4D5763F84167F000B936A999 /* [CP] Check Pods Manifest.lock */,
				23E4F14C2A96FC63009C1BA5 /* Sources */,
				23E4F14D2A96FC63009C1BA5 /* Frameworks */,
				23E4F14E2A96FC63009C1BA5 /* Resources */,
				BFD94BD69B4332F71D56EA16 /* [CP] Embed Pods Frameworks */,
			);
			buildRules = (
			);
			dependencies = (
				23E4F1522A96FC63009C1BA5 /* PBXTargetDependency */,
			);
			name = OKOCDemoUITests;
			productName = OKOCDemoUITests;
			productReference = 23E4F1502A96FC63009C1BA5 /* OKOCDemoUITests.xctest */;
			productType = "com.apple.product-type.bundle.ui-testing";
		};
/* End PBXNativeTarget section */

/* Begin PBXProject section */
		23E4F1232A96FC62009C1BA5 /* Project object */ = {
			isa = PBXProject;
			attributes = {
				BuildIndependentTargetsInParallel = 1;
				LastUpgradeCheck = 1430;
				TargetAttributes = {
					23E4F12A2A96FC62009C1BA5 = {
						CreatedOnToolsVersion = 14.3.1;
					};
					23E4F1452A96FC63009C1BA5 = {
						CreatedOnToolsVersion = 14.3.1;
						TestTargetID = 23E4F12A2A96FC62009C1BA5;
					};
					23E4F14F2A96FC63009C1BA5 = {
						CreatedOnToolsVersion = 14.3.1;
						TestTargetID = 23E4F12A2A96FC62009C1BA5;
					};
				};
			};
			buildConfigurationList = 23E4F1262A96FC62009C1BA5 /* Build configuration list for PBXProject "OKOCDemo" */;
			compatibilityVersion = "Xcode 14.0";
			developmentRegion = en;
			hasScannedForEncodings = 0;
			knownRegions = (
				en,
				Base,
			);
			mainGroup = 23E4F1222A96FC62009C1BA5;
			productRefGroup = 23E4F12C2A96FC62009C1BA5 /* Products */;
			projectDirPath = "";
			projectRoot = "";
			targets = (
				23E4F12A2A96FC62009C1BA5 /* OKOCDemo */,
				23E4F1452A96FC63009C1BA5 /* OKOCDemoTests */,
				23E4F14F2A96FC63009C1BA5 /* OKOCDemoUITests */,
			);
		};
/* End PBXProject section */

/* Begin PBXResourcesBuildPhase section */
		23E4F1292A96FC62009C1BA5 /* Resources */ = {
			isa = PBXResourcesBuildPhase;
			buildActionMask = 2147483647;
			files = (
				23E4F13E2A96FC63009C1BA5 /* LaunchScreen.storyboard in Resources */,
				23E4F13B2A96FC63009C1BA5 /* Assets.xcassets in Resources */,
				23E4F1392A96FC62009C1BA5 /* Main.storyboard in Resources */,
			);
			runOnlyForDeploymentPostprocessing = 0;
		};
		23E4F1442A96FC63009C1BA5 /* Resources */ = {
			isa = PBXResourcesBuildPhase;
			buildActionMask = 2147483647;
			files = (
			);
			runOnlyForDeploymentPostprocessing = 0;
		};
		23E4F14E2A96FC63009C1BA5 /* Resources */ = {
			isa = PBXResourcesBuildPhase;
			buildActionMask = 2147483647;
			files = (
			);
			runOnlyForDeploymentPostprocessing = 0;
		};
/* End PBXResourcesBuildPhase section */

/* Begin PBXShellScriptBuildPhase section */
		48780E975B9E63BB81FCEBC9 /* [CP] Embed Pods Frameworks */ = {
			isa = PBXShellScriptBuildPhase;
			buildActionMask = 2147483647;
			files = (
			);
			inputFileListPaths = (
				"${PODS_ROOT}/Target Support Files/Pods-OKOCDemo/Pods-OKOCDemo-frameworks-${CONFIGURATION}-input-files.xcfilelist",
			);
			name = "[CP] Embed Pods Frameworks";
			outputFileListPaths = (
				"${PODS_ROOT}/Target Support Files/Pods-OKOCDemo/Pods-OKOCDemo-frameworks-${CONFIGURATION}-output-files.xcfilelist",
			);
			runOnlyForDeploymentPostprocessing = 0;
			shellPath = /bin/sh;
			shellScript = "\"${PODS_ROOT}/Target Support Files/Pods-OKOCDemo/Pods-OKOCDemo-frameworks.sh\"\n";
			showEnvVarsInLog = 0;
		};
		4C7C217D4511A96B8923976C /* [CP] Check Pods Manifest.lock */ = {
			isa = PBXShellScriptBuildPhase;
			buildActionMask = 2147483647;
			files = (
			);
			inputFileListPaths = (
			);
			inputPaths = (
				"${PODS_PODFILE_DIR_PATH}/Podfile.lock",
				"${PODS_ROOT}/Manifest.lock",
			);
			name = "[CP] Check Pods Manifest.lock";
			outputFileListPaths = (
			);
			outputPaths = (
				"$(DERIVED_FILE_DIR)/Pods-OKOCDemoTests-checkManifestLockResult.txt",
			);
			runOnlyForDeploymentPostprocessing = 0;
			shellPath = /bin/sh;
			shellScript = "diff \"${PODS_PODFILE_DIR_PATH}/Podfile.lock\" \"${PODS_ROOT}/Manifest.lock\" > /dev/null\nif [ $? != 0 ] ; then\n    # print error to STDERR\n    echo \"error: The sandbox is not in sync with the Podfile.lock. Run 'pod install' or update your CocoaPods installation.\" >&2\n    exit 1\nfi\n# This output is used by Xcode 'outputs' to avoid re-running this script phase.\necho \"SUCCESS\" > \"${SCRIPT_OUTPUT_FILE_0}\"\n";
			showEnvVarsInLog = 0;
		};
		4D5763F84167F000B936A999 /* [CP] Check Pods Manifest.lock */ = {
			isa = PBXShellScriptBuildPhase;
			buildActionMask = 2147483647;
			files = (
			);
			inputFileListPaths = (
			);
			inputPaths = (
				"${PODS_PODFILE_DIR_PATH}/Podfile.lock",
				"${PODS_ROOT}/Manifest.lock",
			);
			name = "[CP] Check Pods Manifest.lock";
			outputFileListPaths = (
			);
			outputPaths = (
				"$(DERIVED_FILE_DIR)/Pods-OKOCDemo-OKOCDemoUITests-checkManifestLockResult.txt",
			);
			runOnlyForDeploymentPostprocessing = 0;
			shellPath = /bin/sh;
			shellScript = "diff \"${PODS_PODFILE_DIR_PATH}/Podfile.lock\" \"${PODS_ROOT}/Manifest.lock\" > /dev/null\nif [ $? != 0 ] ; then\n    # print error to STDERR\n    echo \"error: The sandbox is not in sync with the Podfile.lock. Run 'pod install' or update your CocoaPods installation.\" >&2\n    exit 1\nfi\n# This output is used by Xcode 'outputs' to avoid re-running this script phase.\necho \"SUCCESS\" > \"${SCRIPT_OUTPUT_FILE_0}\"\n";
			showEnvVarsInLog = 0;
		};
		BFD94BD69B4332F71D56EA16 /* [CP] Embed Pods Frameworks */ = {
			isa = PBXShellScriptBuildPhase;
			buildActionMask = 2147483647;
			files = (
			);
			inputFileListPaths = (
				"${PODS_ROOT}/Target Support Files/Pods-OKOCDemo-OKOCDemoUITests/Pods-OKOCDemo-OKOCDemoUITests-frameworks-${CONFIGURATION}-input-files.xcfilelist",
			);
			name = "[CP] Embed Pods Frameworks";
			outputFileListPaths = (
				"${PODS_ROOT}/Target Support Files/Pods-OKOCDemo-OKOCDemoUITests/Pods-OKOCDemo-OKOCDemoUITests-frameworks-${CONFIGURATION}-output-files.xcfilelist",
			);
			runOnlyForDeploymentPostprocessing = 0;
			shellPath = /bin/sh;
			shellScript = "\"${PODS_ROOT}/Target Support Files/Pods-OKOCDemo-OKOCDemoUITests/Pods-OKOCDemo-OKOCDemoUITests-frameworks.sh\"\n";
			showEnvVarsInLog = 0;
		};
		F885FFB2F4BF34CA07A988A7 /* [CP] Check Pods Manifest.lock */ = {
			isa = PBXShellScriptBuildPhase;
			buildActionMask = 2147483647;
			files = (
			);
			inputFileListPaths = (
			);
			inputPaths = (
				"${PODS_PODFILE_DIR_PATH}/Podfile.lock",
				"${PODS_ROOT}/Manifest.lock",
			);
			name = "[CP] Check Pods Manifest.lock";
			outputFileListPaths = (
			);
			outputPaths = (
				"$(DERIVED_FILE_DIR)/Pods-OKOCDemo-checkManifestLockResult.txt",
			);
			runOnlyForDeploymentPostprocessing = 0;
			shellPath = /bin/sh;
			shellScript = "diff \"${PODS_PODFILE_DIR_PATH}/Podfile.lock\" \"${PODS_ROOT}/Manifest.lock\" > /dev/null\nif [ $? != 0 ] ; then\n    # print error to STDERR\n    echo \"error: The sandbox is not in sync with the Podfile.lock. Run 'pod install' or update your CocoaPods installation.\" >&2\n    exit 1\nfi\n# This output is used by Xcode 'outputs' to avoid re-running this script phase.\necho \"SUCCESS\" > \"${SCRIPT_OUTPUT_FILE_0}\"\n";
			showEnvVarsInLog = 0;
		};
/* End PBXShellScriptBuildPhase section */

/* Begin PBXSourcesBuildPhase section */
		23E4F1272A96FC62009C1BA5 /* Sources */ = {
			isa = PBXSourcesBuildPhase;
			buildActionMask = 2147483647;
			files = (
				23E4F1362A96FC62009C1BA5 /* ViewController.m in Sources */,
				23E4F1302A96FC62009C1BA5 /* AppDelegate.m in Sources */,
				23E4F1412A96FC63009C1BA5 /* main.m in Sources */,
				23E4F1332A96FC62009C1BA5 /* SceneDelegate.m in Sources */,
			);
			runOnlyForDeploymentPostprocessing = 0;
		};
		23E4F1422A96FC63009C1BA5 /* Sources */ = {
			isa = PBXSourcesBuildPhase;
			buildActionMask = 2147483647;
			files = (
				23E4F14B2A96FC63009C1BA5 /* OKOCDemoTests.m in Sources */,
			);
			runOnlyForDeploymentPostprocessing = 0;
		};
		23E4F14C2A96FC63009C1BA5 /* Sources */ = {
			isa = PBXSourcesBuildPhase;
			buildActionMask = 2147483647;
			files = (
				23E4F1552A96FC63009C1BA5 /* OKOCDemoUITests.m in Sources */,
				23E4F1572A96FC63009C1BA5 /* OKOCDemoUITestsLaunchTests.m in Sources */,
			);
			runOnlyForDeploymentPostprocessing = 0;
		};
/* End PBXSourcesBuildPhase section */

/* Begin PBXTargetDependency section */
		23E4F1482A96FC63009C1BA5 /* PBXTargetDependency */ = {
			isa = PBXTargetDependency;
			target = 23E4F12A2A96FC62009C1BA5 /* OKOCDemo */;
			targetProxy = 23E4F1472A96FC63009C1BA5 /* PBXContainerItemProxy */;
		};
		23E4F1522A96FC63009C1BA5 /* PBXTargetDependency */ = {
			isa = PBXTargetDependency;
			target = 23E4F12A2A96FC62009C1BA5 /* OKOCDemo */;
			targetProxy = 23E4F1512A96FC63009C1BA5 /* PBXContainerItemProxy */;
		};
/* End PBXTargetDependency section */

/* Begin PBXVariantGroup section */
		23E4F1372A96FC62009C1BA5 /* Main.storyboard */ = {
			isa = PBXVariantGroup;
			children = (
				23E4F1382A96FC62009C1BA5 /* Base */,
			);
			name = Main.storyboard;
			sourceTree = "<group>";
		};
		23E4F13C2A96FC63009C1BA5 /* LaunchScreen.storyboard */ = {
			isa = PBXVariantGroup;
			children = (
				23E4F13D2A96FC63009C1BA5 /* Base */,
			);
			name = LaunchScreen.storyboard;
			sourceTree = "<group>";
		};
/* End PBXVariantGroup section */

/* Begin XCBuildConfiguration section */
		23E4F1582A96FC63009C1BA5 /* Debug */ = {
			isa = XCBuildConfiguration;
			buildSettings = {
				ALWAYS_SEARCH_USER_PATHS = NO;
				CLANG_ANALYZER_NONNULL = YES;
				CLANG_ANALYZER_NUMBER_OBJECT_CONVERSION = YES_AGGRESSIVE;
				CLANG_CXX_LANGUAGE_STANDARD = "gnu++20";
				CLANG_ENABLE_MODULES = YES;
				CLANG_ENABLE_OBJC_ARC = YES;
				CLANG_ENABLE_OBJC_WEAK = YES;
				CLANG_WARN_BLOCK_CAPTURE_AUTORELEASING = YES;
				CLANG_WARN_BOOL_CONVERSION = YES;
				CLANG_WARN_COMMA = YES;
				CLANG_WARN_CONSTANT_CONVERSION = YES;
				CLANG_WARN_DEPRECATED_OBJC_IMPLEMENTATIONS = YES;
				CLANG_WARN_DIRECT_OBJC_ISA_USAGE = YES_ERROR;
				CLANG_WARN_DOCUMENTATION_COMMENTS = YES;
				CLANG_WARN_EMPTY_BODY = YES;
				CLANG_WARN_ENUM_CONVERSION = YES;
				CLANG_WARN_INFINITE_RECURSION = YES;
				CLANG_WARN_INT_CONVERSION = YES;
				CLANG_WARN_NON_LITERAL_NULL_CONVERSION = YES;
				CLANG_WARN_OBJC_IMPLICIT_RETAIN_SELF = YES;
				CLANG_WARN_OBJC_LITERAL_CONVERSION = YES;
				CLANG_WARN_OBJC_ROOT_CLASS = YES_ERROR;
				CLANG_WARN_QUOTED_INCLUDE_IN_FRAMEWORK_HEADER = YES;
				CLANG_WARN_RANGE_LOOP_ANALYSIS = YES;
				CLANG_WARN_STRICT_PROTOTYPES = YES;
				CLANG_WARN_SUSPICIOUS_MOVE = YES;
				CLANG_WARN_UNGUARDED_AVAILABILITY = YES_AGGRESSIVE;
				CLANG_WARN_UNREACHABLE_CODE = YES;
				CLANG_WARN__DUPLICATE_METHOD_MATCH = YES;
				COPY_PHASE_STRIP = NO;
				DEBUG_INFORMATION_FORMAT = dwarf;
				ENABLE_STRICT_OBJC_MSGSEND = YES;
				ENABLE_TESTABILITY = YES;
				GCC_C_LANGUAGE_STANDARD = gnu11;
				GCC_DYNAMIC_NO_PIC = NO;
				GCC_NO_COMMON_BLOCKS = YES;
				GCC_OPTIMIZATION_LEVEL = 0;
				GCC_PREPROCESSOR_DEFINITIONS = (
					"DEBUG=1",
					"$(inherited)",
				);
				GCC_WARN_64_TO_32_BIT_CONVERSION = YES;
				GCC_WARN_ABOUT_RETURN_TYPE = YES_ERROR;
				GCC_WARN_UNDECLARED_SELECTOR = YES;
				GCC_WARN_UNINITIALIZED_AUTOS = YES_AGGRESSIVE;
				GCC_WARN_UNUSED_FUNCTION = YES;
				GCC_WARN_UNUSED_VARIABLE = YES;
				IPHONEOS_DEPLOYMENT_TARGET = 16.4;
				MTL_ENABLE_DEBUG_INFO = INCLUDE_SOURCE;
				MTL_FAST_MATH = YES;
				ONLY_ACTIVE_ARCH = YES;
				SDKROOT = iphoneos;
			};
			name = Debug;
		};
		23E4F1592A96FC63009C1BA5 /* Release */ = {
			isa = XCBuildConfiguration;
			buildSettings = {
				ALWAYS_SEARCH_USER_PATHS = NO;
				CLANG_ANALYZER_NONNULL = YES;
				CLANG_ANALYZER_NUMBER_OBJECT_CONVERSION = YES_AGGRESSIVE;
				CLANG_CXX_LANGUAGE_STANDARD = "gnu++20";
				CLANG_ENABLE_MODULES = YES;
				CLANG_ENABLE_OBJC_ARC = YES;
				CLANG_ENABLE_OBJC_WEAK = YES;
				CLANG_WARN_BLOCK_CAPTURE_AUTORELEASING = YES;
				CLANG_WARN_BOOL_CONVERSION = YES;
				CLANG_WARN_COMMA = YES;
				CLANG_WARN_CONSTANT_CONVERSION = YES;
				CLANG_WARN_DEPRECATED_OBJC_IMPLEMENTATIONS = YES;
				CLANG_WARN_DIRECT_OBJC_ISA_USAGE = YES_ERROR;
				CLANG_WARN_DOCUMENTATION_COMMENTS = YES;
				CLANG_WARN_EMPTY_BODY = YES;
				CLANG_WARN_ENUM_CONVERSION = YES;
				CLANG_WARN_INFINITE_RECURSION = YES;
				CLANG_WARN_INT_CONVERSION = YES;
				CLANG_WARN_NON_LITERAL_NULL_CONVERSION = YES;
				CLANG_WARN_OBJC_IMPLICIT_RETAIN_SELF = YES;
				CLANG_WARN_OBJC_LITERAL_CONVERSION = YES;
				CLANG_WARN_OBJC_ROOT_CLASS = YES_ERROR;
				CLANG_WARN_QUOTED_INCLUDE_IN_FRAMEWORK_HEADER = YES;
				CLANG_WARN_RANGE_LOOP_ANALYSIS = YES;
				CLANG_WARN_STRICT_PROTOTYPES = YES;
				CLANG_WARN_SUSPICIOUS_MOVE = YES;
				CLANG_WARN_UNGUARDED_AVAILABILITY = YES_AGGRESSIVE;
				CLANG_WARN_UNREACHABLE_CODE = YES;
				CLANG_WARN__DUPLICATE_METHOD_MATCH = YES;
				COPY_PHASE_STRIP = NO;
				DEBUG_INFORMATION_FORMAT = "dwarf-with-dsym";
				ENABLE_NS_ASSERTIONS = NO;
				ENABLE_STRICT_OBJC_MSGSEND = YES;
				GCC_C_LANGUAGE_STANDARD = gnu11;
				GCC_NO_COMMON_BLOCKS = YES;
				GCC_WARN_64_TO_32_BIT_CONVERSION = YES;
				GCC_WARN_ABOUT_RETURN_TYPE = YES_ERROR;
				GCC_WARN_UNDECLARED_SELECTOR = YES;
				GCC_WARN_UNINITIALIZED_AUTOS = YES_AGGRESSIVE;
				GCC_WARN_UNUSED_FUNCTION = YES;
				GCC_WARN_UNUSED_VARIABLE = YES;
				IPHONEOS_DEPLOYMENT_TARGET = 16.4;
				MTL_ENABLE_DEBUG_INFO = NO;
				MTL_FAST_MATH = YES;
				SDKROOT = iphoneos;
				VALIDATE_PRODUCT = YES;
			};
			name = Release;
		};
		23E4F15B2A96FC63009C1BA5 /* Debug */ = {
			isa = XCBuildConfiguration;
			baseConfigurationReference = BB4BCFCCD079203ECEE97613 /* Pods-OKOCDemo.debug.xcconfig */;
			buildSettings = {
				ASSETCATALOG_COMPILER_APPICON_NAME = AppIcon;
				ASSETCATALOG_COMPILER_GLOBAL_ACCENT_COLOR_NAME = AccentColor;
				CODE_SIGN_STYLE = Automatic;
				CURRENT_PROJECT_VERSION = 1;
				DEVELOPMENT_TEAM = 55PZKBBD62;
				GENERATE_INFOPLIST_FILE = YES;
				INFOPLIST_FILE = OKOCDemo/Info.plist;
				INFOPLIST_KEY_UIApplicationSupportsIndirectInputEvents = YES;
				INFOPLIST_KEY_UILaunchStoryboardName = LaunchScreen;
				INFOPLIST_KEY_UIMainStoryboardFile = Main;
				INFOPLIST_KEY_UISupportedInterfaceOrientations_iPad = "UIInterfaceOrientationPortrait UIInterfaceOrientationPortraitUpsideDown UIInterfaceOrientationLandscapeLeft UIInterfaceOrientationLandscapeRight";
				INFOPLIST_KEY_UISupportedInterfaceOrientations_iPhone = "UIInterfaceOrientationPortrait UIInterfaceOrientationLandscapeLeft UIInterfaceOrientationLandscapeRight";
				LD_RUNPATH_SEARCH_PATHS = (
					"$(inherited)",
					"@executable_path/Frameworks",
				);
				MARKETING_VERSION = 1.0;
				PRODUCT_BUNDLE_IDENTIFIER = com.harris.OKOCDemo;
				PRODUCT_NAME = "$(TARGET_NAME)";
				SWIFT_EMIT_LOC_STRINGS = YES;
				TARGETED_DEVICE_FAMILY = "1,2";
			};
			name = Debug;
		};
		23E4F15C2A96FC63009C1BA5 /* Release */ = {
			isa = XCBuildConfiguration;
			baseConfigurationReference = 196DC4D5A763C3D953C363D4 /* Pods-OKOCDemo.release.xcconfig */;
			buildSettings = {
				ASSETCATALOG_COMPILER_APPICON_NAME = AppIcon;
				ASSETCATALOG_COMPILER_GLOBAL_ACCENT_COLOR_NAME = AccentColor;
				CODE_SIGN_STYLE = Automatic;
				CURRENT_PROJECT_VERSION = 1;
				DEVELOPMENT_TEAM = 55PZKBBD62;
				GENERATE_INFOPLIST_FILE = YES;
				INFOPLIST_FILE = OKOCDemo/Info.plist;
				INFOPLIST_KEY_UIApplicationSupportsIndirectInputEvents = YES;
				INFOPLIST_KEY_UILaunchStoryboardName = LaunchScreen;
				INFOPLIST_KEY_UIMainStoryboardFile = Main;
				INFOPLIST_KEY_UISupportedInterfaceOrientations_iPad = "UIInterfaceOrientationPortrait UIInterfaceOrientationPortraitUpsideDown UIInterfaceOrientationLandscapeLeft UIInterfaceOrientationLandscapeRight";
				INFOPLIST_KEY_UISupportedInterfaceOrientations_iPhone = "UIInterfaceOrientationPortrait UIInterfaceOrientationLandscapeLeft UIInterfaceOrientationLandscapeRight";
				LD_RUNPATH_SEARCH_PATHS = (
					"$(inherited)",
					"@executable_path/Frameworks",
				);
				MARKETING_VERSION = 1.0;
				PRODUCT_BUNDLE_IDENTIFIER = com.harris.OKOCDemo;
				PRODUCT_NAME = "$(TARGET_NAME)";
				SWIFT_EMIT_LOC_STRINGS = YES;
				TARGETED_DEVICE_FAMILY = "1,2";
			};
			name = Release;
		};
		23E4F15E2A96FC63009C1BA5 /* Debug */ = {
			isa = XCBuildConfiguration;
			baseConfigurationReference = 2A66D1C67720C2690078C61A /* Pods-OKOCDemoTests.debug.xcconfig */;
			buildSettings = {
				BUNDLE_LOADER = "$(TEST_HOST)";
				CODE_SIGN_STYLE = Automatic;
				CURRENT_PROJECT_VERSION = 1;
				DEVELOPMENT_TEAM = 55PZKBBD62;
				GENERATE_INFOPLIST_FILE = YES;
				IPHONEOS_DEPLOYMENT_TARGET = 16.4;
				MARKETING_VERSION = 1.0;
				PRODUCT_BUNDLE_IDENTIFIER = com.harris.OKOCDemoTests;
				PRODUCT_NAME = "$(TARGET_NAME)";
				SWIFT_EMIT_LOC_STRINGS = NO;
				TARGETED_DEVICE_FAMILY = "1,2";
				TEST_HOST = "$(BUILT_PRODUCTS_DIR)/OKOCDemo.app/$(BUNDLE_EXECUTABLE_FOLDER_PATH)/OKOCDemo";
			};
			name = Debug;
		};
		23E4F15F2A96FC63009C1BA5 /* Release */ = {
			isa = XCBuildConfiguration;
			baseConfigurationReference = 3A95CAFD8239F80ABEE27AE0 /* Pods-OKOCDemoTests.release.xcconfig */;
			buildSettings = {
				BUNDLE_LOADER = "$(TEST_HOST)";
				CODE_SIGN_STYLE = Automatic;
				CURRENT_PROJECT_VERSION = 1;
				DEVELOPMENT_TEAM = 55PZKBBD62;
				GENERATE_INFOPLIST_FILE = YES;
				IPHONEOS_DEPLOYMENT_TARGET = 16.4;
				MARKETING_VERSION = 1.0;
				PRODUCT_BUNDLE_IDENTIFIER = com.harris.OKOCDemoTests;
				PRODUCT_NAME = "$(TARGET_NAME)";
				SWIFT_EMIT_LOC_STRINGS = NO;
				TARGETED_DEVICE_FAMILY = "1,2";
				TEST_HOST = "$(BUILT_PRODUCTS_DIR)/OKOCDemo.app/$(BUNDLE_EXECUTABLE_FOLDER_PATH)/OKOCDemo";
			};
			name = Release;
		};
		23E4F1612A96FC63009C1BA5 /* Debug */ = {
			isa = XCBuildConfiguration;
			baseConfigurationReference = FB950C26773315B64069D9E8 /* Pods-OKOCDemo-OKOCDemoUITests.debug.xcconfig */;
			buildSettings = {
				CODE_SIGN_STYLE = Automatic;
				CURRENT_PROJECT_VERSION = 1;
				DEVELOPMENT_TEAM = 55PZKBBD62;
				GENERATE_INFOPLIST_FILE = YES;
				MARKETING_VERSION = 1.0;
				PRODUCT_BUNDLE_IDENTIFIER = com.harris.OKOCDemoUITests;
				PRODUCT_NAME = "$(TARGET_NAME)";
				SWIFT_EMIT_LOC_STRINGS = NO;
				TARGETED_DEVICE_FAMILY = "1,2";
				TEST_TARGET_NAME = OKOCDemo;
			};
			name = Debug;
		};
		23E4F1622A96FC63009C1BA5 /* Release */ = {
			isa = XCBuildConfiguration;
			baseConfigurationReference = 1C7C1F1213DC16DDA921F578 /* Pods-OKOCDemo-OKOCDemoUITests.release.xcconfig */;
			buildSettings = {
				CODE_SIGN_STYLE = Automatic;
				CURRENT_PROJECT_VERSION = 1;
				DEVELOPMENT_TEAM = 55PZKBBD62;
				GENERATE_INFOPLIST_FILE = YES;
				MARKETING_VERSION = 1.0;
				PRODUCT_BUNDLE_IDENTIFIER = com.harris.OKOCDemoUITests;
				PRODUCT_NAME = "$(TARGET_NAME)";
				SWIFT_EMIT_LOC_STRINGS = NO;
				TARGETED_DEVICE_FAMILY = "1,2";
				TEST_TARGET_NAME = OKOCDemo;
			};
			name = Release;
		};
/* End XCBuildConfiguration section */

/* Begin XCConfigurationList section */
		23E4F1262A96FC62009C1BA5 /* Build configuration list for PBXProject "OKOCDemo" */ = {
			isa = XCConfigurationList;
			buildConfigurations = (
				23E4F1582A96FC63009C1BA5 /* Debug */,
				23E4F1592A96FC63009C1BA5 /* Release */,
			);
			defaultConfigurationIsVisible = 0;
			defaultConfigurationName = Release;
		};
		23E4F15A2A96FC63009C1BA5 /* Build configuration list for PBXNativeTarget "OKOCDemo" */ = {
			isa = XCConfigurationList;
			buildConfigurations = (
				23E4F15B2A96FC63009C1BA5 /* Debug */,
				23E4F15C2A96FC63009C1BA5 /* Release */,
			);
			defaultConfigurationIsVisible = 0;
			defaultConfigurationName = Release;
		};
		23E4F15D2A96FC63009C1BA5 /* Build configuration list for PBXNativeTarget "OKOCDemoTests" */ = {
			isa = XCConfigurationList;
			buildConfigurations = (
				23E4F15E2A96FC63009C1BA5 /* Debug */,
				23E4F15F2A96FC63009C1BA5 /* Release */,
			);
			defaultConfigurationIsVisible = 0;
			defaultConfigurationName = Release;
		};
		23E4F1602A96FC63009C1BA5 /* Build configuration list for PBXNativeTarget "OKOCDemoUITests" */ = {
			isa = XCConfigurationList;
			buildConfigurations = (
				23E4F1612A96FC63009C1BA5 /* Debug */,
				23E4F1622A96FC63009C1BA5 /* Release */,
			);
			defaultConfigurationIsVisible = 0;
			defaultConfigurationName = Release;
		};
/* End XCConfigurationList section */
	};
	rootObject = 23E4F1232A96FC62009C1BA5 /* Project object */;
}
